
Microsoft Visual Studio Solution File, Format Version 12.00
# Visual Studio 15
VisualStudioVersion = 15.0.28010.2048
MinimumVisualStudioVersion = 10.0.40219.1
Project("{FAE04EC0-301F-11D3-BF4B-00C04F79EFBC}") = "WeatherApp.Core", "WeatherApp.Core\WeatherApp.Core.csproj", "{245EB4A2-7EC5-4976-B81E-DFD919859D06}"
EndProject
Project("{FAE04EC0-301F-11D3-BF4B-00C04F79EFBC}") = "WeatherApp.Droid", "WeatherApp.Droid\WeatherApp.Droid.csproj", "{DE7A43D3-C291-4368-85EF-97FEA1FA3405}"
EndProject
Global
	GlobalSection(SolutionConfigurationPlatforms) = preSolution
		Debug|Any CPU = Debug|Any CPU
		Release|Any CPU = Release|Any CPU
	EndGlobalSection
	GlobalSection(ProjectConfigurationPlatforms) = postSolution
		{245EB4A2-7EC5-4976-B81E-DFD919859D06}.Debug|Any CPU.ActiveCfg = Debug|Any CPU
		{245EB4A2-7EC5-4976-B81E-DFD919859D06}.Debug|Any CPU.Build.0 = Debug|Any CPU
		{245EB4A2-7EC5-4976-B81E-DFD919859D06}.Release|Any CPU.ActiveCfg = Release|Any CPU
		{245EB4A2-7EC5-4976-B81E-DFD919859D06}.Release|Any CPU.Build.0 = Release|Any CPU
		{DE7A43D3-C291-4368-85EF-97FEA1FA3405}.Debug|Any CPU.ActiveCfg = Debug|Any CPU
		{DE7A43D3-C291-4368-85EF-97FEA1FA3405}.Debug|Any CPU.Build.0 = Debug|Any CPU
		{DE7A43D3-C291-4368-85EF-97FEA1FA3405}.Debug|Any CPU.Deploy.0 = Debug|Any CPU
		{DE7A43D3-C291-4368-85EF-97FEA1FA3405}.Release|Any CPU.ActiveCfg = Release|Any CPU
		{DE7A43D3-C291-4368-85EF-97FEA1FA3405}.Release|Any CPU.Build.0 = Release|Any CPU
		{DE7A43D3-C291-4368-85EF-97FEA1FA3405}.Release|Any CPU.Deploy.0 = Release|Any CPU
	EndGlobalSection
	GlobalSection(SolutionProperties) = preSolution
		HideSolutionNode = FALSE
	EndGlobalSection
	GlobalSection(ExtensibilityGlobals) = postSolution
		SolutionGuid = {F142F06A-45C1-4A7E-B820-8764CDDF8096}
	EndGlobalSection
EndGlobal
